
Microsoft Visual Studio Solution File, Format Version 12.00
# Visual Studio Version 17
VisualStudioVersion = 17.4.33103.184
MinimumVisualStudioVersion = 10.0.40219.1
Project("{8BC9CEB8-8B4A-11D0-8D11-00A0C91BC942}") = "5_3", "5_3\5_3.vcxproj", "{C90B68E8-DDF6-4A8F-AA9B-033C27F933EB}"
EndProject
Global
	GlobalSection(SolutionConfigurationPlatforms) = preSolution
		Debug|x64 = Debug|x64
		Debug|x86 = Debug|x86
		Release|x64 = Release|x64
		Release|x86 = Release|x86
	EndGlobalSection
	GlobalSection(ProjectConfigurationPlatforms) = postSolution
		{C90B68E8-DDF6-4A8F-AA9B-033C27F933EB}.Debug|x64.ActiveCfg = Debug|x64
		{C90B68E8-DDF6-4A8F-AA9B-033C27F933EB}.Debug|x64.Build.0 = Debug|x64
		{C90B68E8-DDF6-4A8F-AA9B-033C27F933EB}.Debug|x86.ActiveCfg = Debug|Win32
		{C90B68E8-DDF6-4A8F-AA9B-033C27F933EB}.Debug|x86.Build.0 = Debug|Win32
		{C90B68E8-DDF6-4A8F-AA9B-033C27F933EB}.Release|x64.ActiveCfg = Release|x64
		{C90B68E8-DDF6-4A8F-AA9B-033C27F933EB}.Release|x64.Build.0 = Release|x64
		{C90B68E8-DDF6-4A8F-AA9B-033C27F933EB}.Release|x86.ActiveCfg = Release|Win32
		{C90B68E8-DDF6-4A8F-AA9B-033C27F933EB}.Release|x86.Build.0 = Release|Win32
	EndGlobalSection
	GlobalSection(SolutionProperties) = preSolution
		HideSolutionNode = FALSE
	EndGlobalSection
	GlobalSection(ExtensibilityGlobals) = postSolution
		SolutionGuid = {4BF79D8E-0C95-4174-9294-A003AEF26538}
	EndGlobalSection
EndGlobal
